// !$*UTF8*$!
{
	archiveVersion = 1;
	classes = {
	};
	objectVersion = 46;
	objects = {

/* Begin PBXBuildFile section */
		4C879AE51C13BDF8000C3F84 /* AppDelegate.swift in Sources */ = {isa = PBXBuildFile; fileRef = 4C879AE41C13BDF8000C3F84 /* AppDelegate.swift */; };
		4C879AE71C13BDF8000C3F84 /* Assets.xcassets in Resources */ = {isa = PBXBuildFile; fileRef = 4C879AE61C13BDF8000C3F84 /* Assets.xcassets */; };
		4C879AEA1C13BDF8000C3F84 /* MainMenu.xib in Resources */ = {isa = PBXBuildFile; fileRef = 4C879AE81C13BDF8000C3F84 /* MainMenu.xib */; };
		4C879AF41C13CD00000C3F84 /* SwiftyJSON.swift in Sources */ = {isa = PBXBuildFile; fileRef = 4C879AF31C13CD00000C3F84 /* SwiftyJSON.swift */; };
/* End PBXBuildFile section */

/* Begin PBXFileReference section */
		4C879AE11C13BDF8000C3F84 /* Taskwarrior Pomodoro.app */ = {isa = PBXFileReference; explicitFileType = wrapper.application; includeInIndex = 0; path = "Taskwarrior Pomodoro.app"; sourceTree = BUILT_PRODUCTS_DIR; };
		4C879AE41C13BDF8000C3F84 /* AppDelegate.swift */ = {isa = PBXFileReference; lastKnownFileType = sourcecode.swift; path = AppDelegate.swift; sourceTree = "<group>"; };
		4C879AE61C13BDF8000C3F84 /* Assets.xcassets */ = {isa = PBXFileReference; lastKnownFileType = folder.assetcatalog; path = Assets.xcassets; sourceTree = "<group>"; };
		4C879AE91C13BDF8000C3F84 /* Base */ = {isa = PBXFileReference; lastKnownFileType = file.xib; name = Base; path = Base.lproj/MainMenu.xib; sourceTree = "<group>"; };
		4C879AEB1C13BDF8000C3F84 /* Info.plist */ = {isa = PBXFileReference; lastKnownFileType = text.plist.xml; path = Info.plist; sourceTree = "<group>"; };
		4C879AF31C13CD00000C3F84 /* SwiftyJSON.swift */ = {isa = PBXFileReference; fileEncoding = 4; lastKnownFileType = sourcecode.swift; path = SwiftyJSON.swift; sourceTree = "<group>"; };
/* End PBXFileReference section */

/* Begin PBXFrameworksBuildPhase section */
		4C879ADE1C13BDF8000C3F84 /* Frameworks */ = {
			isa = PBXFrameworksBuildPhase;
			buildActionMask = 2147483647;
			files = (
			);
			runOnlyForDeploymentPostprocessing = 0;
		};
/* End PBXFrameworksBuildPhase section */

/* Begin PBXGroup section */
		4C879AD81C13BDF8000C3F84 = {
			isa = PBXGroup;
			children = (
				4C879AE31C13BDF8000C3F84 /* Taskwarrior Pomodoro */,
				4C879AE21C13BDF8000C3F84 /* Products */,
				4C879AF31C13CD00000C3F84 /* SwiftyJSON.swift */,
			);
			sourceTree = "<group>";
		};
		4C879AE21C13BDF8000C3F84 /* Products */ = {
			isa = PBXGroup;
			children = (
				4C879AE11C13BDF8000C3F84 /* Taskwarrior Pomodoro.app */,
			);
			name = Products;
			sourceTree = "<group>";
		};
		4C879AE31C13BDF8000C3F84 /* Taskwarrior Pomodoro */ = {
			isa = PBXGroup;
			children = (
				4C879AE41C13BDF8000C3F84 /* AppDelegate.swift */,
				4C879AE61C13BDF8000C3F84 /* Assets.xcassets */,
				4C879AE81C13BDF8000C3F84 /* MainMenu.xib */,
				4C879AEB1C13BDF8000C3F84 /* Info.plist */,
			);
			path = "Taskwarrior Pomodoro";
			sourceTree = "<group>";
		};
/* End PBXGroup section */

/* Begin PBXNativeTarget section */
		4C879AE01C13BDF8000C3F84 /* Taskwarrior Pomodoro */ = {
			isa = PBXNativeTarget;
			buildConfigurationList = 4C879AEE1C13BDF8000C3F84 /* Build configuration list for PBXNativeTarget "Taskwarrior Pomodoro" */;
			buildPhases = (
				4C879ADD1C13BDF8000C3F84 /* Sources */,
				4C879ADE1C13BDF8000C3F84 /* Frameworks */,
				4C879ADF1C13BDF8000C3F84 /* Resources */,
			);
			buildRules = (
			);
			dependencies = (
			);
			name = "Taskwarrior Pomodoro";
			productName = "Taskwarrior Pomodoro";
			productReference = 4C879AE11C13BDF8000C3F84 /* Taskwarrior Pomodoro.app */;
			productType = "com.apple.product-type.application";
		};
/* End PBXNativeTarget section */

/* Begin PBXProject section */
		4C879AD91C13BDF8000C3F84 /* Project object */ = {
			isa = PBXProject;
			attributes = {
				LastSwiftUpdateCheck = 0710;
				LastUpgradeCheck = 0710;
				ORGANIZATIONNAME = "Adam Coddington";
				TargetAttributes = {
					4C879AE01C13BDF8000C3F84 = {
						CreatedOnToolsVersion = 7.1.1;
						DevelopmentTeam = NGQ3PFAC76;
					};
				};
			};
			buildConfigurationList = 4C879ADC1C13BDF8000C3F84 /* Build configuration list for PBXProject "Taskwarrior Pomodoro" */;
			compatibilityVersion = "Xcode 3.2";
			developmentRegion = English;
			hasScannedForEncodings = 0;
			knownRegions = (
				en,
				Base,
			);
			mainGroup = 4C879AD81C13BDF8000C3F84;
			productRefGroup = 4C879AE21C13BDF8000C3F84 /* Products */;
			projectDirPath = "";
			projectRoot = "";
			targets = (
				4C879AE01C13BDF8000C3F84 /* Taskwarrior Pomodoro */,
			);
		};
/* End PBXProject section */

/* Begin PBXResourcesBuildPhase section */
		4C879ADF1C13BDF8000C3F84 /* Resources */ = {
			isa = PBXResourcesBuildPhase;
			buildActionMask = 2147483647;
			files = (
				4C879AE71C13BDF8000C3F84 /* Assets.xcassets in Resources */,
				4C879AEA1C13BDF8000C3F84 /* MainMenu.xib in Resources */,
			);
			runOnlyForDeploymentPostprocessing = 0;
		};
/* End PBXResourcesBuildPhase section */

/* Begin PBXSourcesBuildPhase section */
		4C879ADD1C13BDF8000C3F84 /* Sources */ = {
			isa = PBXSourcesBuildPhase;
			buildActionMask = 2147483647;
			files = (
				4C879AE51C13BDF8000C3F84 /* AppDelegate.swift in Sources */,
				4C879AF41C13CD00000C3F84 /* SwiftyJSON.swift in Sources */,
			);
			runOnlyForDeploymentPostprocessing = 0;
		};
/* End PBXSourcesBuildPhase section */

/* Begin PBXVariantGroup section */
		4C879AE81C13BDF8000C3F84 /* MainMenu.xib */ = {
			isa = PBXVariantGroup;
			children = (
				4C879AE91C13BDF8000C3F84 /* Base */,
			);
			name = MainMenu.xib;
			sourceTree = "<group>";
		};
/* End PBXVariantGroup section */

/* Begin XCBuildConfiguration section */
		4C879AEC1C13BDF8000C3F84 /* Debug */ = {
			isa = XCBuildConfiguration;
			buildSettings = {
				ALWAYS_SEARCH_USER_PATHS = NO;
				CLANG_CXX_LANGUAGE_STANDARD = "gnu++0x";
				CLANG_CXX_LIBRARY = "libc++";
				CLANG_ENABLE_MODULES = YES;
				CLANG_ENABLE_OBJC_ARC = YES;
				CLANG_WARN_BOOL_CONVERSION = YES;
				CLANG_WARN_CONSTANT_CONVERSION = YES;
				CLANG_WARN_DIRECT_OBJC_ISA_USAGE = YES_ERROR;
				CLANG_WARN_EMPTY_BODY = YES;
				CLANG_WARN_ENUM_CONVERSION = YES;
				CLANG_WARN_INT_CONVERSION = YES;
				CLANG_WARN_OBJC_ROOT_CLASS = YES_ERROR;
				CLANG_WARN_UNREACHABLE_CODE = YES;
				CLANG_WARN__DUPLICATE_METHOD_MATCH = YES;
				CODE_SIGN_IDENTITY = "-";
				COPY_PHASE_STRIP = NO;
				DEBUG_INFORMATION_FORMAT = dwarf;
				ENABLE_STRICT_OBJC_MSGSEND = YES;
				ENABLE_TESTABILITY = YES;
				GCC_C_LANGUAGE_STANDARD = gnu99;
				GCC_DYNAMIC_NO_PIC = NO;
				GCC_NO_COMMON_BLOCKS = YES;
				GCC_OPTIMIZATION_LEVEL = 0;
				GCC_PREPROCESSOR_DEFINITIONS = (
					"DEBUG=1",
					"$(inherited)",
				);
				GCC_WARN_64_TO_32_BIT_CONVERSION = YES;
				GCC_WARN_ABOUT_RETURN_TYPE = YES_ERROR;
				GCC_WARN_UNDECLARED_SELECTOR = YES;
				GCC_WARN_UNINITIALIZED_AUTOS = YES_AGGRESSIVE;
				GCC_WARN_UNUSED_FUNCTION = YES;
				GCC_WARN_UNUSED_VARIABLE = YES;
				MACOSX_DEPLOYMENT_TARGET = 10.10;
				MTL_ENABLE_DEBUG_INFO = YES;
				ONLY_ACTIVE_ARCH = YES;
				OTHER_SWIFT_FLAGS = "-DDEBUG";
				SDKROOT = macosx;
				SWIFT_OPTIMIZATION_LEVEL = "-Onone";
			};
			name = Debug;
		};
		4C879AED1C13BDF8000C3F84 /* Release */ = {
			isa = XCBuildConfiguration;
			buildSettings = {
				ALWAYS_SEARCH_USER_PATHS = NO;
				CLANG_CXX_LANGUAGE_STANDARD = "gnu++0x";
				CLANG_CXX_LIBRARY = "libc++";
				CLANG_ENABLE_MODULES = YES;
				CLANG_ENABLE_OBJC_ARC = YES;
				CLANG_WARN_BOOL_CONVERSION = YES;
				CLANG_WARN_CONSTANT_CONVERSION = YES;
				CLANG_WARN_DIRECT_OBJC_ISA_USAGE = YES_ERROR;
				CLANG_WARN_EMPTY_BODY = YES;
				CLANG_WARN_ENUM_CONVERSION = YES;
				CLANG_WARN_INT_CONVERSION = YES;
				CLANG_WARN_OBJC_ROOT_CLASS = YES_ERROR;
				CLANG_WARN_UNREACHABLE_CODE = YES;
				CLANG_WARN__DUPLICATE_METHOD_MATCH = YES;
				CODE_SIGN_IDENTITY = "-";
				COPY_PHASE_STRIP = NO;
				DEBUG_INFORMATION_FORMAT = "dwarf-with-dsym";
				ENABLE_NS_ASSERTIONS = NO;
				ENABLE_STRICT_OBJC_MSGSEND = YES;
				GCC_C_LANGUAGE_STANDARD = gnu99;
				GCC_NO_COMMON_BLOCKS = YES;
				GCC_WARN_64_TO_32_BIT_CONVERSION = YES;
				GCC_WARN_ABOUT_RETURN_TYPE = YES_ERROR;
				GCC_WARN_UNDECLARED_SELECTOR = YES;
				GCC_WARN_UNINITIALIZED_AUTOS = YES_AGGRESSIVE;
				GCC_WARN_UNUSED_FUNCTION = YES;
				GCC_WARN_UNUSED_VARIABLE = YES;
				MACOSX_DEPLOYMENT_TARGET = 10.10;
				MTL_ENABLE_DEBUG_INFO = NO;
				SDKROOT = macosx;
			};
			name = Release;
		};
		4C879AEF1C13BDF8000C3F84 /* Debug */ = {
			isa = XCBuildConfiguration;
			buildSettings = {
				ASSETCATALOG_COMPILER_APPICON_NAME = AppIcon;
				CODE_SIGN_IDENTITY = "Developer ID Application";
				COMBINE_HIDPI_IMAGES = YES;
				INFOPLIST_FILE = "Taskwarrior Pomodoro/Info.plist";
				LD_RUNPATH_SEARCH_PATHS = "$(inherited) @executable_path/../Frameworks";
				PRODUCT_BUNDLE_IDENTIFIER = "am.inthe.Taskwarrior-Pomodoro";
				PRODUCT_NAME = "$(TARGET_NAME)";
			};
			name = Debug;
		};
		4C879AF01C13BDF8000C3F84 /* Release */ = {
			isa = XCBuildConfiguration;
			buildSettings = {
				ASSETCATALOG_COMPILER_APPICON_NAME = AppIcon;
				CODE_SIGN_IDENTITY = "Developer ID Application";
				COMBINE_HIDPI_IMAGES = YES;
				INFOPLIST_FILE = "Taskwarrior Pomodoro/Info.plist";
				LD_RUNPATH_SEARCH_PATHS = "$(inherited) @executable_path/../Frameworks";
				OTHER_SWIFT_FLAGS = "-DRELEASE";
				PRODUCT_BUNDLE_IDENTIFIER = "am.inthe.Taskwarrior-Pomodoro";
				PRODUCT_NAME = "$(TARGET_NAME)";
			};
			name = Release;
		};
/* End XCBuildConfiguration section */

/* Begin XCConfigurationList section */
		4C879ADC1C13BDF8000C3F84 /* Build configuration list for PBXProject "Taskwarrior Pomodoro" */ = {
			isa = XCConfigurationList;
			buildConfigurations = (
				4C879AEC1C13BDF8000C3F84 /* Debug */,
				4C879AED1C13BDF8000C3F84 /* Release */,
			);
			defaultConfigurationIsVisible = 0;
			defaultConfigurationName = Release;
		};
		4C879AEE1C13BDF8000C3F84 /* Build configuration list for PBXNativeTarget "Taskwarrior Pomodoro" */ = {
			isa = XCConfigurationList;
			buildConfigurations = (
				4C879AEF1C13BDF8000C3F84 /* Debug */,
				4C879AF01C13BDF8000C3F84 /* Release */,
			);
			defaultConfigurationIsVisible = 0;
			defaultConfigurationName = Release;
		};
/* End XCConfigurationList section */
	};
	rootObject = 4C879AD91C13BDF8000C3F84 /* Project object */;
}
